
Microsoft Visual Studio Solution File, Format Version 12.00
# Visual Studio Version 17
VisualStudioVersion = 17.9.34526.213
MinimumVisualStudioVersion = 10.0.40219.1
Project("{9A19103F-16F7-4668-BE54-9A1E7A4F7556}") = "examen Parcial", "examen Parcial.csproj", "{933F3731-0963-44FF-B5DC-7622DB990D3F}"
EndProject
Project("{FAE04EC0-301F-11D3-BF4B-00C04F79EFBC}") = "SOLICITAR_USUARIO", "..\SOLICITAR_USUARIO\SOLICITAR_USUARIO.csproj", "{7F4BF553-911F-4F1C-958A-20CAEA8FA297}"
EndProject
Global
	GlobalSection(SolutionConfigurationPlatforms) = preSolution
		Debug|Any CPU = Debug|Any CPU
		Release|Any CPU = Release|Any CPU
	EndGlobalSection
	GlobalSection(ProjectConfigurationPlatforms) = postSolution
		{933F3731-0963-44FF-B5DC-7622DB990D3F}.Debug|Any CPU.ActiveCfg = Debug|Any CPU
		{933F3731-0963-44FF-B5DC-7622DB990D3F}.Debug|Any CPU.Build.0 = Debug|Any CPU
		{933F3731-0963-44FF-B5DC-7622DB990D3F}.Release|Any CPU.ActiveCfg = Release|Any CPU
		{933F3731-0963-44FF-B5DC-7622DB990D3F}.Release|Any CPU.Build.0 = Release|Any CPU
		{7F4BF553-911F-4F1C-958A-20CAEA8FA297}.Debug|Any CPU.ActiveCfg = Debug|Any CPU
		{7F4BF553-911F-4F1C-958A-20CAEA8FA297}.Debug|Any CPU.Build.0 = Debug|Any CPU
		{7F4BF553-911F-4F1C-958A-20CAEA8FA297}.Release|Any CPU.ActiveCfg = Release|Any CPU
		{7F4BF553-911F-4F1C-958A-20CAEA8FA297}.Release|Any CPU.Build.0 = Release|Any CPU
	EndGlobalSection
	GlobalSection(SolutionProperties) = preSolution
		HideSolutionNode = FALSE
	EndGlobalSection
	GlobalSection(ExtensibilityGlobals) = postSolution
		SolutionGuid = {B84254DF-A45D-40FD-9652-302EF043CB8E}
	EndGlobalSection
EndGlobal
